
Microsoft Visual Studio Solution File, Format Version 12.00
# Visual Studio 2012
Project("{FAE04EC0-301F-11D3-BF4B-00C04F79EFBC}") = "AngelList", "AngelList.csproj", "{B66A89AA-5612-408B-AC66-C17BD6195C71}"
EndProject
Project("{FAE04EC0-301F-11D3-BF4B-00C04F79EFBC}") = "AngelList.Business", "AngelList.Business\AngelList.Business.csproj", "{55601A2B-EB81-4076-8484-D333508158CF}"
EndProject
Project("{FAE04EC0-301F-11D3-BF4B-00C04F79EFBC}") = "AngelList.DataAccess", "AngelList.DataAccess\AngelList.DataAccess.csproj", "{E7675ADD-3748-4B4B-A853-572C775B931A}"
EndProject
Project("{FAE04EC0-301F-11D3-BF4B-00C04F79EFBC}") = "AngelList.Entities", "AngelList.Entities\AngelList.Entities.csproj", "{682ECEC5-16B3-41B9-9B14-EBC6C1BF80E2}"
EndProject
Project("{FAE04EC0-301F-11D3-BF4B-00C04F79EFBC}") = "AngelList.Crm", "AngelList.Crm\AngelList.Crm.csproj", "{2864C5D4-0778-4CE7-AA7C-615007BF79A2}"
EndProject
Project("{2150E333-8FDC-42A3-9474-1A3956D46DE8}") = "Common", "Common", "{8A9264EB-4B68-4F07-919B-029A793EB82C}"
EndProject
Project("{FAE04EC0-301F-11D3-BF4B-00C04F79EFBC}") = "AngelList.Service", "AngelList.Service\AngelList.Service.csproj", "{7F6E54AC-B46F-4378-92C5-FEF0E985700B}"
EndProject
Project("{FAE04EC0-301F-11D3-BF4B-00C04F79EFBC}") = "AngelList.Web.Rss", "AngelList.Web.Rss\AngelList.Web.Rss.csproj", "{3B4C9A9E-8A99-4A3D-8DBF-612916274542}"
EndProject
Project("{FAE04EC0-301F-11D3-BF4B-00C04F79EFBC}") = "AngelList.DataEntities", "AngelList.DataEntities\AngelList.DataEntities.csproj", "{8382C415-B8D5-4478-9AFB-F74AACB3225E}"
EndProject
Project("{FAE04EC0-301F-11D3-BF4B-00C04F79EFBC}") = "Common.Tools", "..\Common\Common.Tools\Common.Tools.csproj", "{F064C874-4EB9-4638-B07F-588D24201D06}"
EndProject
Project("{FAE04EC0-301F-11D3-BF4B-00C04F79EFBC}") = "Common.DataAccess.MongoClient", "..\Common\Common.DataAccess\AntVoice.Common.DataAccess.MongoClient\Common.DataAccess.MongoClient.csproj", "{41D26EC8-5113-47AF-8AB7-FFC46C970E4F}"
EndProject
Global
	GlobalSection(SolutionConfigurationPlatforms) = preSolution
		Debug|Any CPU = Debug|Any CPU
		LOCAL|Any CPU = LOCAL|Any CPU
		PREPROD|Any CPU = PREPROD|Any CPU
		PROD|Any CPU = PROD|Any CPU
		Release|Any CPU = Release|Any CPU
		STAGE|Any CPU = STAGE|Any CPU
	EndGlobalSection
	GlobalSection(ProjectConfigurationPlatforms) = postSolution
		{B66A89AA-5612-408B-AC66-C17BD6195C71}.Debug|Any CPU.ActiveCfg = Debug|Any CPU
		{B66A89AA-5612-408B-AC66-C17BD6195C71}.Debug|Any CPU.Build.0 = Debug|Any CPU
		{B66A89AA-5612-408B-AC66-C17BD6195C71}.LOCAL|Any CPU.ActiveCfg = Release|Any CPU
		{B66A89AA-5612-408B-AC66-C17BD6195C71}.LOCAL|Any CPU.Build.0 = Release|Any CPU
		{B66A89AA-5612-408B-AC66-C17BD6195C71}.PREPROD|Any CPU.ActiveCfg = Release|Any CPU
		{B66A89AA-5612-408B-AC66-C17BD6195C71}.PREPROD|Any CPU.Build.0 = Release|Any CPU
		{B66A89AA-5612-408B-AC66-C17BD6195C71}.PROD|Any CPU.ActiveCfg = Release|Any CPU
		{B66A89AA-5612-408B-AC66-C17BD6195C71}.PROD|Any CPU.Build.0 = Release|Any CPU
		{B66A89AA-5612-408B-AC66-C17BD6195C71}.Release|Any CPU.ActiveCfg = Release|Any CPU
		{B66A89AA-5612-408B-AC66-C17BD6195C71}.Release|Any CPU.Build.0 = Release|Any CPU
		{B66A89AA-5612-408B-AC66-C17BD6195C71}.STAGE|Any CPU.ActiveCfg = Release|Any CPU
		{B66A89AA-5612-408B-AC66-C17BD6195C71}.STAGE|Any CPU.Build.0 = Release|Any CPU
		{55601A2B-EB81-4076-8484-D333508158CF}.Debug|Any CPU.ActiveCfg = Debug|Any CPU
		{55601A2B-EB81-4076-8484-D333508158CF}.Debug|Any CPU.Build.0 = Debug|Any CPU
		{55601A2B-EB81-4076-8484-D333508158CF}.LOCAL|Any CPU.ActiveCfg = Release|Any CPU
		{55601A2B-EB81-4076-8484-D333508158CF}.LOCAL|Any CPU.Build.0 = Release|Any CPU
		{55601A2B-EB81-4076-8484-D333508158CF}.PREPROD|Any CPU.ActiveCfg = Release|Any CPU
		{55601A2B-EB81-4076-8484-D333508158CF}.PREPROD|Any CPU.Build.0 = Release|Any CPU
		{55601A2B-EB81-4076-8484-D333508158CF}.PROD|Any CPU.ActiveCfg = Release|Any CPU
		{55601A2B-EB81-4076-8484-D333508158CF}.PROD|Any CPU.Build.0 = Release|Any CPU
		{55601A2B-EB81-4076-8484-D333508158CF}.Release|Any CPU.ActiveCfg = Release|Any CPU
		{55601A2B-EB81-4076-8484-D333508158CF}.Release|Any CPU.Build.0 = Release|Any CPU
		{55601A2B-EB81-4076-8484-D333508158CF}.STAGE|Any CPU.ActiveCfg = Release|Any CPU
		{55601A2B-EB81-4076-8484-D333508158CF}.STAGE|Any CPU.Build.0 = Release|Any CPU
		{E7675ADD-3748-4B4B-A853-572C775B931A}.Debug|Any CPU.ActiveCfg = Debug|Any CPU
		{E7675ADD-3748-4B4B-A853-572C775B931A}.Debug|Any CPU.Build.0 = Debug|Any CPU
		{E7675ADD-3748-4B4B-A853-572C775B931A}.LOCAL|Any CPU.ActiveCfg = Release|Any CPU
		{E7675ADD-3748-4B4B-A853-572C775B931A}.LOCAL|Any CPU.Build.0 = Release|Any CPU
		{E7675ADD-3748-4B4B-A853-572C775B931A}.PREPROD|Any CPU.ActiveCfg = Release|Any CPU
		{E7675ADD-3748-4B4B-A853-572C775B931A}.PREPROD|Any CPU.Build.0 = Release|Any CPU
		{E7675ADD-3748-4B4B-A853-572C775B931A}.PROD|Any CPU.ActiveCfg = Release|Any CPU
		{E7675ADD-3748-4B4B-A853-572C775B931A}.PROD|Any CPU.Build.0 = Release|Any CPU
		{E7675ADD-3748-4B4B-A853-572C775B931A}.Release|Any CPU.ActiveCfg = Release|Any CPU
		{E7675ADD-3748-4B4B-A853-572C775B931A}.Release|Any CPU.Build.0 = Release|Any CPU
		{E7675ADD-3748-4B4B-A853-572C775B931A}.STAGE|Any CPU.ActiveCfg = Release|Any CPU
		{E7675ADD-3748-4B4B-A853-572C775B931A}.STAGE|Any CPU.Build.0 = Release|Any CPU
		{682ECEC5-16B3-41B9-9B14-EBC6C1BF80E2}.Debug|Any CPU.ActiveCfg = Debug|Any CPU
		{682ECEC5-16B3-41B9-9B14-EBC6C1BF80E2}.Debug|Any CPU.Build.0 = Debug|Any CPU
		{682ECEC5-16B3-41B9-9B14-EBC6C1BF80E2}.LOCAL|Any CPU.ActiveCfg = Release|Any CPU
		{682ECEC5-16B3-41B9-9B14-EBC6C1BF80E2}.LOCAL|Any CPU.Build.0 = Release|Any CPU
		{682ECEC5-16B3-41B9-9B14-EBC6C1BF80E2}.PREPROD|Any CPU.ActiveCfg = Release|Any CPU
		{682ECEC5-16B3-41B9-9B14-EBC6C1BF80E2}.PREPROD|Any CPU.Build.0 = Release|Any CPU
		{682ECEC5-16B3-41B9-9B14-EBC6C1BF80E2}.PROD|Any CPU.ActiveCfg = Release|Any CPU
		{682ECEC5-16B3-41B9-9B14-EBC6C1BF80E2}.PROD|Any CPU.Build.0 = Release|Any CPU
		{682ECEC5-16B3-41B9-9B14-EBC6C1BF80E2}.Release|Any CPU.ActiveCfg = Release|Any CPU
		{682ECEC5-16B3-41B9-9B14-EBC6C1BF80E2}.Release|Any CPU.Build.0 = Release|Any CPU
		{682ECEC5-16B3-41B9-9B14-EBC6C1BF80E2}.STAGE|Any CPU.ActiveCfg = Release|Any CPU
		{682ECEC5-16B3-41B9-9B14-EBC6C1BF80E2}.STAGE|Any CPU.Build.0 = Release|Any CPU
		{2864C5D4-0778-4CE7-AA7C-615007BF79A2}.Debug|Any CPU.ActiveCfg = Debug|Any CPU
		{2864C5D4-0778-4CE7-AA7C-615007BF79A2}.Debug|Any CPU.Build.0 = Debug|Any CPU
		{2864C5D4-0778-4CE7-AA7C-615007BF79A2}.LOCAL|Any CPU.ActiveCfg = Release|Any CPU
		{2864C5D4-0778-4CE7-AA7C-615007BF79A2}.LOCAL|Any CPU.Build.0 = Release|Any CPU
		{2864C5D4-0778-4CE7-AA7C-615007BF79A2}.PREPROD|Any CPU.ActiveCfg = Release|Any CPU
		{2864C5D4-0778-4CE7-AA7C-615007BF79A2}.PREPROD|Any CPU.Build.0 = Release|Any CPU
		{2864C5D4-0778-4CE7-AA7C-615007BF79A2}.PROD|Any CPU.ActiveCfg = Release|Any CPU
		{2864C5D4-0778-4CE7-AA7C-615007BF79A2}.PROD|Any CPU.Build.0 = Release|Any CPU
		{2864C5D4-0778-4CE7-AA7C-615007BF79A2}.Release|Any CPU.ActiveCfg = Release|Any CPU
		{2864C5D4-0778-4CE7-AA7C-615007BF79A2}.Release|Any CPU.Build.0 = Release|Any CPU
		{2864C5D4-0778-4CE7-AA7C-615007BF79A2}.STAGE|Any CPU.ActiveCfg = Release|Any CPU
		{2864C5D4-0778-4CE7-AA7C-615007BF79A2}.STAGE|Any CPU.Build.0 = Release|Any CPU
		{7F6E54AC-B46F-4378-92C5-FEF0E985700B}.Debug|Any CPU.ActiveCfg = Debug|Any CPU
		{7F6E54AC-B46F-4378-92C5-FEF0E985700B}.Debug|Any CPU.Build.0 = Debug|Any CPU
		{7F6E54AC-B46F-4378-92C5-FEF0E985700B}.LOCAL|Any CPU.ActiveCfg = Release|Any CPU
		{7F6E54AC-B46F-4378-92C5-FEF0E985700B}.LOCAL|Any CPU.Build.0 = Release|Any CPU
		{7F6E54AC-B46F-4378-92C5-FEF0E985700B}.PREPROD|Any CPU.ActiveCfg = Release|Any CPU
		{7F6E54AC-B46F-4378-92C5-FEF0E985700B}.PREPROD|Any CPU.Build.0 = Release|Any CPU
		{7F6E54AC-B46F-4378-92C5-FEF0E985700B}.PROD|Any CPU.ActiveCfg = Release|Any CPU
		{7F6E54AC-B46F-4378-92C5-FEF0E985700B}.PROD|Any CPU.Build.0 = Release|Any CPU
		{7F6E54AC-B46F-4378-92C5-FEF0E985700B}.Release|Any CPU.ActiveCfg = Release|Any CPU
		{7F6E54AC-B46F-4378-92C5-FEF0E985700B}.Release|Any CPU.Build.0 = Release|Any CPU
		{7F6E54AC-B46F-4378-92C5-FEF0E985700B}.STAGE|Any CPU.ActiveCfg = Release|Any CPU
		{7F6E54AC-B46F-4378-92C5-FEF0E985700B}.STAGE|Any CPU.Build.0 = Release|Any CPU
		{3B4C9A9E-8A99-4A3D-8DBF-612916274542}.Debug|Any CPU.ActiveCfg = Debug|Any CPU
		{3B4C9A9E-8A99-4A3D-8DBF-612916274542}.Debug|Any CPU.Build.0 = Debug|Any CPU
		{3B4C9A9E-8A99-4A3D-8DBF-612916274542}.LOCAL|Any CPU.ActiveCfg = Release|Any CPU
		{3B4C9A9E-8A99-4A3D-8DBF-612916274542}.LOCAL|Any CPU.Build.0 = Release|Any CPU
		{3B4C9A9E-8A99-4A3D-8DBF-612916274542}.PREPROD|Any CPU.ActiveCfg = Release|Any CPU
		{3B4C9A9E-8A99-4A3D-8DBF-612916274542}.PREPROD|Any CPU.Build.0 = Release|Any CPU
		{3B4C9A9E-8A99-4A3D-8DBF-612916274542}.PROD|Any CPU.ActiveCfg = Release|Any CPU
		{3B4C9A9E-8A99-4A3D-8DBF-612916274542}.PROD|Any CPU.Build.0 = Release|Any CPU
		{3B4C9A9E-8A99-4A3D-8DBF-612916274542}.Release|Any CPU.ActiveCfg = Release|Any CPU
		{3B4C9A9E-8A99-4A3D-8DBF-612916274542}.Release|Any CPU.Build.0 = Release|Any CPU
		{3B4C9A9E-8A99-4A3D-8DBF-612916274542}.STAGE|Any CPU.ActiveCfg = Release|Any CPU
		{3B4C9A9E-8A99-4A3D-8DBF-612916274542}.STAGE|Any CPU.Build.0 = Release|Any CPU
		{8382C415-B8D5-4478-9AFB-F74AACB3225E}.Debug|Any CPU.ActiveCfg = Debug|Any CPU
		{8382C415-B8D5-4478-9AFB-F74AACB3225E}.Debug|Any CPU.Build.0 = Debug|Any CPU
		{8382C415-B8D5-4478-9AFB-F74AACB3225E}.LOCAL|Any CPU.ActiveCfg = Release|Any CPU
		{8382C415-B8D5-4478-9AFB-F74AACB3225E}.LOCAL|Any CPU.Build.0 = Release|Any CPU
		{8382C415-B8D5-4478-9AFB-F74AACB3225E}.PREPROD|Any CPU.ActiveCfg = Release|Any CPU
		{8382C415-B8D5-4478-9AFB-F74AACB3225E}.PREPROD|Any CPU.Build.0 = Release|Any CPU
		{8382C415-B8D5-4478-9AFB-F74AACB3225E}.PROD|Any CPU.ActiveCfg = Release|Any CPU
		{8382C415-B8D5-4478-9AFB-F74AACB3225E}.PROD|Any CPU.Build.0 = Release|Any CPU
		{8382C415-B8D5-4478-9AFB-F74AACB3225E}.Release|Any CPU.ActiveCfg = Release|Any CPU
		{8382C415-B8D5-4478-9AFB-F74AACB3225E}.Release|Any CPU.Build.0 = Release|Any CPU
		{8382C415-B8D5-4478-9AFB-F74AACB3225E}.STAGE|Any CPU.ActiveCfg = Release|Any CPU
		{8382C415-B8D5-4478-9AFB-F74AACB3225E}.STAGE|Any CPU.Build.0 = Release|Any CPU
		{F064C874-4EB9-4638-B07F-588D24201D06}.Debug|Any CPU.ActiveCfg = PROD|Any CPU
		{F064C874-4EB9-4638-B07F-588D24201D06}.Debug|Any CPU.Build.0 = PROD|Any CPU
		{F064C874-4EB9-4638-B07F-588D24201D06}.LOCAL|Any CPU.ActiveCfg = LOCAL|Any CPU
		{F064C874-4EB9-4638-B07F-588D24201D06}.LOCAL|Any CPU.Build.0 = LOCAL|Any CPU
		{F064C874-4EB9-4638-B07F-588D24201D06}.PREPROD|Any CPU.ActiveCfg = PREPROD|Any CPU
		{F064C874-4EB9-4638-B07F-588D24201D06}.PREPROD|Any CPU.Build.0 = PREPROD|Any CPU
		{F064C874-4EB9-4638-B07F-588D24201D06}.PROD|Any CPU.ActiveCfg = PROD|Any CPU
		{F064C874-4EB9-4638-B07F-588D24201D06}.PROD|Any CPU.Build.0 = PROD|Any CPU
		{F064C874-4EB9-4638-B07F-588D24201D06}.Release|Any CPU.ActiveCfg = PROD|Any CPU
		{F064C874-4EB9-4638-B07F-588D24201D06}.Release|Any CPU.Build.0 = PROD|Any CPU
		{F064C874-4EB9-4638-B07F-588D24201D06}.STAGE|Any CPU.ActiveCfg = STAGE|Any CPU
		{F064C874-4EB9-4638-B07F-588D24201D06}.STAGE|Any CPU.Build.0 = STAGE|Any CPU
		{41D26EC8-5113-47AF-8AB7-FFC46C970E4F}.Debug|Any CPU.ActiveCfg = PROD|Any CPU
		{41D26EC8-5113-47AF-8AB7-FFC46C970E4F}.Debug|Any CPU.Build.0 = PROD|Any CPU
		{41D26EC8-5113-47AF-8AB7-FFC46C970E4F}.LOCAL|Any CPU.ActiveCfg = LOCAL|Any CPU
		{41D26EC8-5113-47AF-8AB7-FFC46C970E4F}.LOCAL|Any CPU.Build.0 = LOCAL|Any CPU
		{41D26EC8-5113-47AF-8AB7-FFC46C970E4F}.PREPROD|Any CPU.ActiveCfg = PREPROD|Any CPU
		{41D26EC8-5113-47AF-8AB7-FFC46C970E4F}.PREPROD|Any CPU.Build.0 = PREPROD|Any CPU
		{41D26EC8-5113-47AF-8AB7-FFC46C970E4F}.PROD|Any CPU.ActiveCfg = PROD|Any CPU
		{41D26EC8-5113-47AF-8AB7-FFC46C970E4F}.PROD|Any CPU.Build.0 = PROD|Any CPU
		{41D26EC8-5113-47AF-8AB7-FFC46C970E4F}.Release|Any CPU.ActiveCfg = PROD|Any CPU
		{41D26EC8-5113-47AF-8AB7-FFC46C970E4F}.Release|Any CPU.Build.0 = PROD|Any CPU
		{41D26EC8-5113-47AF-8AB7-FFC46C970E4F}.STAGE|Any CPU.ActiveCfg = STAGE|Any CPU
		{41D26EC8-5113-47AF-8AB7-FFC46C970E4F}.STAGE|Any CPU.Build.0 = STAGE|Any CPU
	EndGlobalSection
	GlobalSection(SolutionProperties) = preSolution
		HideSolutionNode = FALSE
	EndGlobalSection
	GlobalSection(NestedProjects) = preSolution
		{F064C874-4EB9-4638-B07F-588D24201D06} = {8A9264EB-4B68-4F07-919B-029A793EB82C}
		{41D26EC8-5113-47AF-8AB7-FFC46C970E4F} = {8A9264EB-4B68-4F07-919B-029A793EB82C}
	EndGlobalSection
EndGlobal
